// !$*UTF8*$!
{
	archiveVersion = 1;
	classes = {
	};
	objectVersion = 56;
	objects = {

/* Begin PBXBuildFile section */
		AB133B2C294A169E00D122DB /* BudgieApp.swift in Sources */ = {isa = PBXBuildFile; fileRef = AB133B2B294A169E00D122DB /* BudgieApp.swift */; };
		AB133B31294A169E00D122DB /* Budgie.xcdatamodeld in Sources */ = {isa = PBXBuildFile; fileRef = AB133B2F294A169E00D122DB /* Budgie.xcdatamodeld */; };
		AB133B33294A169E00D122DB /* TabView.swift in Sources */ = {isa = PBXBuildFile; fileRef = AB133B32294A169E00D122DB /* TabView.swift */; };
		AB133B35294A169F00D122DB /* Assets.xcassets in Resources */ = {isa = PBXBuildFile; fileRef = AB133B34294A169F00D122DB /* Assets.xcassets */; };
		AB133B39294A169F00D122DB /* Preview Assets.xcassets in Resources */ = {isa = PBXBuildFile; fileRef = AB133B38294A169F00D122DB /* Preview Assets.xcassets */; };
		AB133B40294A243100D122DB /* LogListView.swift in Sources */ = {isa = PBXBuildFile; fileRef = AB133B3F294A243100D122DB /* LogListView.swift */; };
		AB133B55294A5DB800D122DB /* Persistence.swift in Sources */ = {isa = PBXBuildFile; fileRef = AB133B2D294A169E00D122DB /* Persistence.swift */; };
		AB13F1DC294A631F00FAE365 /* Date.swift in Sources */ = {isa = PBXBuildFile; fileRef = AB13F1DB294A631F00FAE365 /* Date.swift */; };
		AB27B4A7294B49030004401E /* Color.swift in Sources */ = {isa = PBXBuildFile; fileRef = AB27B4A6294B49030004401E /* Color.swift */; };
		AB27B4A9294F742A0004401E /* LogView.swift in Sources */ = {isa = PBXBuildFile; fileRef = AB27B4A8294F742A0004401E /* LogView.swift */; };
		AB27B4AB29506ED20004401E /* CategoryListView.swift in Sources */ = {isa = PBXBuildFile; fileRef = AB27B4AA29506ED20004401E /* CategoryListView.swift */; };
		ABD12D0B29511CEC0037E688 /* String.swift in Sources */ = {isa = PBXBuildFile; fileRef = ABD12D0A29511CEC0037E688 /* String.swift */; };
		ABD12D0D2952115C0037E688 /* Constants.swift in Sources */ = {isa = PBXBuildFile; fileRef = ABD12D0C2952115C0037E688 /* Constants.swift */; };
		ABD12D0F295369430037E688 /* LoginSignUpView.swift in Sources */ = {isa = PBXBuildFile; fileRef = ABD12D0E295369430037E688 /* LoginSignUpView.swift */; };
		ABD12D1129563F2A0037E688 /* WebView.swift in Sources */ = {isa = PBXBuildFile; fileRef = ABD12D1029563F2A0037E688 /* WebView.swift */; };
/* End PBXBuildFile section */

/* Begin PBXFileReference section */
		AB133B28294A169E00D122DB /* Budgie.app */ = {isa = PBXFileReference; explicitFileType = wrapper.application; includeInIndex = 0; path = Budgie.app; sourceTree = BUILT_PRODUCTS_DIR; };
		AB133B2B294A169E00D122DB /* BudgieApp.swift */ = {isa = PBXFileReference; lastKnownFileType = sourcecode.swift; path = BudgieApp.swift; sourceTree = "<group>"; };
		AB133B2D294A169E00D122DB /* Persistence.swift */ = {isa = PBXFileReference; lastKnownFileType = sourcecode.swift; path = Persistence.swift; sourceTree = "<group>"; };
		AB133B30294A169E00D122DB /* Budgie.xcdatamodel */ = {isa = PBXFileReference; lastKnownFileType = wrapper.xcdatamodel; path = Budgie.xcdatamodel; sourceTree = "<group>"; };
		AB133B32294A169E00D122DB /* TabView.swift */ = {isa = PBXFileReference; lastKnownFileType = sourcecode.swift; path = TabView.swift; sourceTree = "<group>"; };
		AB133B34294A169F00D122DB /* Assets.xcassets */ = {isa = PBXFileReference; lastKnownFileType = folder.assetcatalog; path = Assets.xcassets; sourceTree = "<group>"; };
		AB133B36294A169F00D122DB /* Budgie.entitlements */ = {isa = PBXFileReference; lastKnownFileType = text.plist.entitlements; path = Budgie.entitlements; sourceTree = "<group>"; };
		AB133B38294A169F00D122DB /* Preview Assets.xcassets */ = {isa = PBXFileReference; lastKnownFileType = folder.assetcatalog; path = "Preview Assets.xcassets"; sourceTree = "<group>"; };
		AB133B3F294A243100D122DB /* LogListView.swift */ = {isa = PBXFileReference; lastKnownFileType = sourcecode.swift; path = LogListView.swift; sourceTree = "<group>"; };
		AB13F1DB294A631F00FAE365 /* Date.swift */ = {isa = PBXFileReference; lastKnownFileType = sourcecode.swift; path = Date.swift; sourceTree = "<group>"; };
		AB27B4A6294B49030004401E /* Color.swift */ = {isa = PBXFileReference; lastKnownFileType = sourcecode.swift; path = Color.swift; sourceTree = "<group>"; };
		AB27B4A8294F742A0004401E /* LogView.swift */ = {isa = PBXFileReference; lastKnownFileType = sourcecode.swift; path = LogView.swift; sourceTree = "<group>"; };
		AB27B4AA29506ED20004401E /* CategoryListView.swift */ = {isa = PBXFileReference; lastKnownFileType = sourcecode.swift; path = CategoryListView.swift; sourceTree = "<group>"; };
		ABD12D0A29511CEC0037E688 /* String.swift */ = {isa = PBXFileReference; lastKnownFileType = sourcecode.swift; path = String.swift; sourceTree = "<group>"; };
		ABD12D0C2952115C0037E688 /* Constants.swift */ = {isa = PBXFileReference; lastKnownFileType = sourcecode.swift; path = Constants.swift; sourceTree = "<group>"; };
		ABD12D0E295369430037E688 /* LoginSignUpView.swift */ = {isa = PBXFileReference; lastKnownFileType = sourcecode.swift; path = LoginSignUpView.swift; sourceTree = "<group>"; };
		ABD12D1029563F2A0037E688 /* WebView.swift */ = {isa = PBXFileReference; lastKnownFileType = sourcecode.swift; path = WebView.swift; sourceTree = "<group>"; };
/* End PBXFileReference section */

/* Begin PBXFrameworksBuildPhase section */
		AB133B25294A169E00D122DB /* Frameworks */ = {
			isa = PBXFrameworksBuildPhase;
			buildActionMask = 2147483647;
			files = (
			);
			runOnlyForDeploymentPostprocessing = 0;
		};
/* End PBXFrameworksBuildPhase section */

/* Begin PBXGroup section */
		AB133B1F294A169D00D122DB = {
			isa = PBXGroup;
			children = (
				AB133B2A294A169E00D122DB /* Budgie */,
				AB133B29294A169E00D122DB /* Products */,
			);
			sourceTree = "<group>";
		};
		AB133B29294A169E00D122DB /* Products */ = {
			isa = PBXGroup;
			children = (
				AB133B28294A169E00D122DB /* Budgie.app */,
			);
			name = Products;
			sourceTree = "<group>";
		};
		AB133B2A294A169E00D122DB /* Budgie */ = {
			isa = PBXGroup;
			children = (
				AB133B2B294A169E00D122DB /* BudgieApp.swift */,
				ABD12D1029563F2A0037E688 /* WebView.swift */,
				ABD12D0E295369430037E688 /* LoginSignUpView.swift */,
				ABD12D0C2952115C0037E688 /* Constants.swift */,
				AB133B32294A169E00D122DB /* TabView.swift */,
				AB133B3F294A243100D122DB /* LogListView.swift */,
				AB27B4A8294F742A0004401E /* LogView.swift */,
				AB27B4AA29506ED20004401E /* CategoryListView.swift */,
				AB13F1DA294A630800FAE365 /* Extensions */,
				AB133B41294A5A5700D122DB /* Core Data */,
				AB133B34294A169F00D122DB /* Assets.xcassets */,
				AB133B36294A169F00D122DB /* Budgie.entitlements */,
				AB133B2F294A169E00D122DB /* Budgie.xcdatamodeld */,
				AB133B37294A169F00D122DB /* Preview Content */,
			);
			path = Budgie;
			sourceTree = "<group>";
		};
		AB133B37294A169F00D122DB /* Preview Content */ = {
			isa = PBXGroup;
			children = (
				AB133B38294A169F00D122DB /* Preview Assets.xcassets */,
			);
			path = "Preview Content";
			sourceTree = "<group>";
		};
		AB133B41294A5A5700D122DB /* Core Data */ = {
			isa = PBXGroup;
			children = (
				AB133B2D294A169E00D122DB /* Persistence.swift */,
			);
			path = "Core Data";
			sourceTree = "<group>";
		};
		AB13F1DA294A630800FAE365 /* Extensions */ = {
			isa = PBXGroup;
			children = (
				AB13F1DB294A631F00FAE365 /* Date.swift */,
				ABD12D0A29511CEC0037E688 /* String.swift */,
				AB27B4A6294B49030004401E /* Color.swift */,
			);
			path = Extensions;
			sourceTree = "<group>";
		};
/* End PBXGroup section */

/* Begin PBXNativeTarget section */
		AB133B27294A169E00D122DB /* Budgie */ = {
			isa = PBXNativeTarget;
			buildConfigurationList = AB133B3C294A169F00D122DB /* Build configuration list for PBXNativeTarget "Budgie" */;
			buildPhases = (
				AB133B24294A169E00D122DB /* Sources */,
				AB133B25294A169E00D122DB /* Frameworks */,
				AB133B26294A169E00D122DB /* Resources */,
			);
			buildRules = (
			);
			dependencies = (
			);
			name = Budgie;
			productName = Budgie;
			productReference = AB133B28294A169E00D122DB /* Budgie.app */;
			productType = "com.apple.product-type.application";
		};
/* End PBXNativeTarget section */

/* Begin PBXProject section */
		AB133B20294A169D00D122DB /* Project object */ = {
			isa = PBXProject;
			attributes = {
				BuildIndependentTargetsInParallel = 1;
				LastSwiftUpdateCheck = 1410;
				LastUpgradeCheck = 1410;
				TargetAttributes = {
					AB133B27294A169E00D122DB = {
						CreatedOnToolsVersion = 14.1;
					};
				};
			};
			buildConfigurationList = AB133B23294A169D00D122DB /* Build configuration list for PBXProject "Budgie" */;
			compatibilityVersion = "Xcode 14.0";
			developmentRegion = en;
			hasScannedForEncodings = 0;
			knownRegions = (
				en,
				Base,
			);
			mainGroup = AB133B1F294A169D00D122DB;
			productRefGroup = AB133B29294A169E00D122DB /* Products */;
			projectDirPath = "";
			projectRoot = "";
			targets = (
				AB133B27294A169E00D122DB /* Budgie */,
			);
		};
/* End PBXProject section */

/* Begin PBXResourcesBuildPhase section */
		AB133B26294A169E00D122DB /* Resources */ = {
			isa = PBXResourcesBuildPhase;
			buildActionMask = 2147483647;
			files = (
				AB133B39294A169F00D122DB /* Preview Assets.xcassets in Resources */,
				AB133B35294A169F00D122DB /* Assets.xcassets in Resources */,
			);
			runOnlyForDeploymentPostprocessing = 0;
		};
/* End PBXResourcesBuildPhase section */

/* Begin PBXSourcesBuildPhase section */
		AB133B24294A169E00D122DB /* Sources */ = {
			isa = PBXSourcesBuildPhase;
			buildActionMask = 2147483647;
			files = (
				AB133B2C294A169E00D122DB /* BudgieApp.swift in Sources */,
				ABD12D0D2952115C0037E688 /* Constants.swift in Sources */,
				ABD12D1129563F2A0037E688 /* WebView.swift in Sources */,
				ABD12D0F295369430037E688 /* LoginSignUpView.swift in Sources */,
				AB13F1DC294A631F00FAE365 /* Date.swift in Sources */,
				ABD12D0B29511CEC0037E688 /* String.swift in Sources */,
				AB27B4A7294B49030004401E /* Color.swift in Sources */,
				AB133B31294A169E00D122DB /* Budgie.xcdatamodeld in Sources */,
				AB27B4AB29506ED20004401E /* CategoryListView.swift in Sources */,
				AB133B40294A243100D122DB /* LogListView.swift in Sources */,
				AB27B4A9294F742A0004401E /* LogView.swift in Sources */,
				AB133B33294A169E00D122DB /* TabView.swift in Sources */,
				AB133B55294A5DB800D122DB /* Persistence.swift in Sources */,
			);
			runOnlyForDeploymentPostprocessing = 0;
		};
/* End PBXSourcesBuildPhase section */

/* Begin XCBuildConfiguration section */
		AB133B3A294A169F00D122DB /* Debug */ = {
			isa = XCBuildConfiguration;
			buildSettings = {
				ALWAYS_SEARCH_USER_PATHS = NO;
				CLANG_ANALYZER_NONNULL = YES;
				CLANG_ANALYZER_NUMBER_OBJECT_CONVERSION = YES_AGGRESSIVE;
				CLANG_CXX_LANGUAGE_STANDARD = "gnu++20";
				CLANG_ENABLE_MODULES = YES;
				CLANG_ENABLE_OBJC_ARC = YES;
				CLANG_ENABLE_OBJC_WEAK = YES;
				CLANG_WARN_BLOCK_CAPTURE_AUTORELEASING = YES;
				CLANG_WARN_BOOL_CONVERSION = YES;
				CLANG_WARN_COMMA = YES;
				CLANG_WARN_CONSTANT_CONVERSION = YES;
				CLANG_WARN_DEPRECATED_OBJC_IMPLEMENTATIONS = YES;
				CLANG_WARN_DIRECT_OBJC_ISA_USAGE = YES_ERROR;
				CLANG_WARN_DOCUMENTATION_COMMENTS = YES;
				CLANG_WARN_EMPTY_BODY = YES;
				CLANG_WARN_ENUM_CONVERSION = YES;
				CLANG_WARN_INFINITE_RECURSION = YES;
				CLANG_WARN_INT_CONVERSION = YES;
				CLANG_WARN_NON_LITERAL_NULL_CONVERSION = YES;
				CLANG_WARN_OBJC_IMPLICIT_RETAIN_SELF = YES;
				CLANG_WARN_OBJC_LITERAL_CONVERSION = YES;
				CLANG_WARN_OBJC_ROOT_CLASS = YES_ERROR;
				CLANG_WARN_QUOTED_INCLUDE_IN_FRAMEWORK_HEADER = YES;
				CLANG_WARN_RANGE_LOOP_ANALYSIS = YES;
				CLANG_WARN_STRICT_PROTOTYPES = YES;
				CLANG_WARN_SUSPICIOUS_MOVE = YES;
				CLANG_WARN_UNGUARDED_AVAILABILITY = YES_AGGRESSIVE;
				CLANG_WARN_UNREACHABLE_CODE = YES;
				CLANG_WARN__DUPLICATE_METHOD_MATCH = YES;
				COPY_PHASE_STRIP = NO;
				DEBUG_INFORMATION_FORMAT = dwarf;
				ENABLE_STRICT_OBJC_MSGSEND = YES;
				ENABLE_TESTABILITY = YES;
				GCC_C_LANGUAGE_STANDARD = gnu11;
				GCC_DYNAMIC_NO_PIC = NO;
				GCC_NO_COMMON_BLOCKS = YES;
				GCC_OPTIMIZATION_LEVEL = 0;
				GCC_PREPROCESSOR_DEFINITIONS = (
					"DEBUG=1",
					"$(inherited)",
				);
				GCC_WARN_64_TO_32_BIT_CONVERSION = YES;
				GCC_WARN_ABOUT_RETURN_TYPE = YES_ERROR;
				GCC_WARN_UNDECLARED_SELECTOR = YES;
				GCC_WARN_UNINITIALIZED_AUTOS = YES_AGGRESSIVE;
				GCC_WARN_UNUSED_FUNCTION = YES;
				GCC_WARN_UNUSED_VARIABLE = YES;
				IPHONEOS_DEPLOYMENT_TARGET = 16.0;
				MTL_ENABLE_DEBUG_INFO = INCLUDE_SOURCE;
				MTL_FAST_MATH = YES;
				ONLY_ACTIVE_ARCH = YES;
				SWIFT_ACTIVE_COMPILATION_CONDITIONS = DEBUG;
				SWIFT_OPTIMIZATION_LEVEL = "-Onone";
			};
			name = Debug;
		};
		AB133B3B294A169F00D122DB /* Release */ = {
			isa = XCBuildConfiguration;
			buildSettings = {
				ALWAYS_SEARCH_USER_PATHS = NO;
				CLANG_ANALYZER_NONNULL = YES;
				CLANG_ANALYZER_NUMBER_OBJECT_CONVERSION = YES_AGGRESSIVE;
				CLANG_CXX_LANGUAGE_STANDARD = "gnu++20";
				CLANG_ENABLE_MODULES = YES;
				CLANG_ENABLE_OBJC_ARC = YES;
				CLANG_ENABLE_OBJC_WEAK = YES;
				CLANG_WARN_BLOCK_CAPTURE_AUTORELEASING = YES;
				CLANG_WARN_BOOL_CONVERSION = YES;
				CLANG_WARN_COMMA = YES;
				CLANG_WARN_CONSTANT_CONVERSION = YES;
				CLANG_WARN_DEPRECATED_OBJC_IMPLEMENTATIONS = YES;
				CLANG_WARN_DIRECT_OBJC_ISA_USAGE = YES_ERROR;
				CLANG_WARN_DOCUMENTATION_COMMENTS = YES;
				CLANG_WARN_EMPTY_BODY = YES;
				CLANG_WARN_ENUM_CONVERSION = YES;
				CLANG_WARN_INFINITE_RECURSION = YES;
				CLANG_WARN_INT_CONVERSION = YES;
				CLANG_WARN_NON_LITERAL_NULL_CONVERSION = YES;
				CLANG_WARN_OBJC_IMPLICIT_RETAIN_SELF = YES;
				CLANG_WARN_OBJC_LITERAL_CONVERSION = YES;
				CLANG_WARN_OBJC_ROOT_CLASS = YES_ERROR;
				CLANG_WARN_QUOTED_INCLUDE_IN_FRAMEWORK_HEADER = YES;
				CLANG_WARN_RANGE_LOOP_ANALYSIS = YES;
				CLANG_WARN_STRICT_PROTOTYPES = YES;
				CLANG_WARN_SUSPICIOUS_MOVE = YES;
				CLANG_WARN_UNGUARDED_AVAILABILITY = YES_AGGRESSIVE;
				CLANG_WARN_UNREACHABLE_CODE = YES;
				CLANG_WARN__DUPLICATE_METHOD_MATCH = YES;
				COPY_PHASE_STRIP = NO;
				DEBUG_INFORMATION_FORMAT = "dwarf-with-dsym";
				ENABLE_NS_ASSERTIONS = NO;
				ENABLE_STRICT_OBJC_MSGSEND = YES;
				GCC_C_LANGUAGE_STANDARD = gnu11;
				GCC_NO_COMMON_BLOCKS = YES;
				GCC_WARN_64_TO_32_BIT_CONVERSION = YES;
				GCC_WARN_ABOUT_RETURN_TYPE = YES_ERROR;
				GCC_WARN_UNDECLARED_SELECTOR = YES;
				GCC_WARN_UNINITIALIZED_AUTOS = YES_AGGRESSIVE;
				GCC_WARN_UNUSED_FUNCTION = YES;
				GCC_WARN_UNUSED_VARIABLE = YES;
				IPHONEOS_DEPLOYMENT_TARGET = 16.0;
				MTL_ENABLE_DEBUG_INFO = NO;
				MTL_FAST_MATH = YES;
				SWIFT_COMPILATION_MODE = wholemodule;
				SWIFT_OPTIMIZATION_LEVEL = "-O";
			};
			name = Release;
		};
		AB133B3D294A169F00D122DB /* Debug */ = {
			isa = XCBuildConfiguration;
			buildSettings = {
				ASSETCATALOG_COMPILER_APPICON_NAME = AppIcon;
				ASSETCATALOG_COMPILER_GLOBAL_ACCENT_COLOR_NAME = AccentColor;
				CODE_SIGN_ENTITLEMENTS = Budgie/Budgie.entitlements;
				"CODE_SIGN_IDENTITY[sdk=macosx*]" = "Apple Development";
				CODE_SIGN_STYLE = Automatic;
				CURRENT_PROJECT_VERSION = 1;
				DEVELOPMENT_ASSET_PATHS = "\"Budgie/Preview Content\"";
				DEVELOPMENT_TEAM = 86ZCQYX8TR;
				ENABLE_PREVIEWS = YES;
				GENERATE_INFOPLIST_FILE = YES;
				INFOPLIST_KEY_CFBundleDisplayName = Budgie;
				INFOPLIST_KEY_LSApplicationCategoryType = "public.app-category.utilities";
				"INFOPLIST_KEY_UIApplicationSceneManifest_Generation[sdk=iphoneos*]" = YES;
				"INFOPLIST_KEY_UIApplicationSceneManifest_Generation[sdk=iphonesimulator*]" = YES;
				"INFOPLIST_KEY_UIApplicationSupportsIndirectInputEvents[sdk=iphoneos*]" = YES;
				"INFOPLIST_KEY_UIApplicationSupportsIndirectInputEvents[sdk=iphonesimulator*]" = YES;
				"INFOPLIST_KEY_UILaunchScreen_Generation[sdk=iphoneos*]" = YES;
				"INFOPLIST_KEY_UILaunchScreen_Generation[sdk=iphonesimulator*]" = YES;
				"INFOPLIST_KEY_UIStatusBarStyle[sdk=iphoneos*]" = UIStatusBarStyleDefault;
				"INFOPLIST_KEY_UIStatusBarStyle[sdk=iphonesimulator*]" = UIStatusBarStyleDefault;
				INFOPLIST_KEY_UISupportedInterfaceOrientations_iPad = "UIInterfaceOrientationPortrait UIInterfaceOrientationPortraitUpsideDown UIInterfaceOrientationLandscapeLeft UIInterfaceOrientationLandscapeRight";
				INFOPLIST_KEY_UISupportedInterfaceOrientations_iPhone = "UIInterfaceOrientationPortrait UIInterfaceOrientationLandscapeLeft UIInterfaceOrientationLandscapeRight";
				IPHONEOS_DEPLOYMENT_TARGET = 16.1;
				LD_RUNPATH_SEARCH_PATHS = "@executable_path/Frameworks";
				"LD_RUNPATH_SEARCH_PATHS[sdk=macosx*]" = "@executable_path/../Frameworks";
				MACOSX_DEPLOYMENT_TARGET = 13.0;
				MARKETING_VERSION = 1.0;
				PRODUCT_BUNDLE_IDENTIFIER = com.joshpasricha.Budgie;
				PRODUCT_NAME = "$(TARGET_NAME)";
				SDKROOT = auto;
				SUPPORTED_PLATFORMS = "iphoneos iphonesimulator macosx";
				SWIFT_EMIT_LOC_STRINGS = YES;
				SWIFT_VERSION = 5.0;
				TARGETED_DEVICE_FAMILY = "1,2";
			};
			name = Debug;
		};
		AB133B3E294A169F00D122DB /* Release */ = {
			isa = XCBuildConfiguration;
			buildSettings = {
				ASSETCATALOG_COMPILER_APPICON_NAME = AppIcon;
				ASSETCATALOG_COMPILER_GLOBAL_ACCENT_COLOR_NAME = AccentColor;
				CODE_SIGN_ENTITLEMENTS = Budgie/Budgie.entitlements;
				"CODE_SIGN_IDENTITY[sdk=macosx*]" = "Apple Development";
				CODE_SIGN_STYLE = Automatic;
				CURRENT_PROJECT_VERSION = 1;
				DEVELOPMENT_ASSET_PATHS = "\"Budgie/Preview Content\"";
				DEVELOPMENT_TEAM = 86ZCQYX8TR;
				ENABLE_PREVIEWS = YES;
				GENERATE_INFOPLIST_FILE = YES;
				INFOPLIST_KEY_CFBundleDisplayName = Budgie;
				INFOPLIST_KEY_LSApplicationCategoryType = "public.app-category.utilities";
				"INFOPLIST_KEY_UIApplicationSceneManifest_Generation[sdk=iphoneos*]" = YES;
				"INFOPLIST_KEY_UIApplicationSceneManifest_Generation[sdk=iphonesimulator*]" = YES;
				"INFOPLIST_KEY_UIApplicationSupportsIndirectInputEvents[sdk=iphoneos*]" = YES;
				"INFOPLIST_KEY_UIApplicationSupportsIndirectInputEvents[sdk=iphonesimulator*]" = YES;
				"INFOPLIST_KEY_UILaunchScreen_Generation[sdk=iphoneos*]" = YES;
				"INFOPLIST_KEY_UILaunchScreen_Generation[sdk=iphonesimulator*]" = YES;
				"INFOPLIST_KEY_UIStatusBarStyle[sdk=iphoneos*]" = UIStatusBarStyleDefault;
				"INFOPLIST_KEY_UIStatusBarStyle[sdk=iphonesimulator*]" = UIStatusBarStyleDefault;
				INFOPLIST_KEY_UISupportedInterfaceOrientations_iPad = "UIInterfaceOrientationPortrait UIInterfaceOrientationPortraitUpsideDown UIInterfaceOrientationLandscapeLeft UIInterfaceOrientationLandscapeRight";
				INFOPLIST_KEY_UISupportedInterfaceOrientations_iPhone = "UIInterfaceOrientationPortrait UIInterfaceOrientationLandscapeLeft UIInterfaceOrientationLandscapeRight";
				IPHONEOS_DEPLOYMENT_TARGET = 16.1;
				LD_RUNPATH_SEARCH_PATHS = "@executable_path/Frameworks";
				"LD_RUNPATH_SEARCH_PATHS[sdk=macosx*]" = "@executable_path/../Frameworks";
				MACOSX_DEPLOYMENT_TARGET = 13.0;
				MARKETING_VERSION = 1.0;
				PRODUCT_BUNDLE_IDENTIFIER = com.joshpasricha.Budgie;
				PRODUCT_NAME = "$(TARGET_NAME)";
				SDKROOT = auto;
				SUPPORTED_PLATFORMS = "iphoneos iphonesimulator macosx";
				SWIFT_EMIT_LOC_STRINGS = YES;
				SWIFT_VERSION = 5.0;
				TARGETED_DEVICE_FAMILY = "1,2";
			};
			name = Release;
		};
/* End XCBuildConfiguration section */

/* Begin XCConfigurationList section */
		AB133B23294A169D00D122DB /* Build configuration list for PBXProject "Budgie" */ = {
			isa = XCConfigurationList;
			buildConfigurations = (
				AB133B3A294A169F00D122DB /* Debug */,
				AB133B3B294A169F00D122DB /* Release */,
			);
			defaultConfigurationIsVisible = 0;
			defaultConfigurationName = Release;
		};
		AB133B3C294A169F00D122DB /* Build configuration list for PBXNativeTarget "Budgie" */ = {
			isa = XCConfigurationList;
			buildConfigurations = (
				AB133B3D294A169F00D122DB /* Debug */,
				AB133B3E294A169F00D122DB /* Release */,
			);
			defaultConfigurationIsVisible = 0;
			defaultConfigurationName = Release;
		};
/* End XCConfigurationList section */

/* Begin XCVersionGroup section */
		AB133B2F294A169E00D122DB /* Budgie.xcdatamodeld */ = {
			isa = XCVersionGroup;
			children = (
				AB133B30294A169E00D122DB /* Budgie.xcdatamodel */,
			);
			currentVersion = AB133B30294A169E00D122DB /* Budgie.xcdatamodel */;
			path = Budgie.xcdatamodeld;
			sourceTree = "<group>";
			versionGroupType = wrapper.xcdatamodel;
		};
/* End XCVersionGroup section */
	};
	rootObject = AB133B20294A169D00D122DB /* Project object */;
}
